// !$*UTF8*$!
{
	archiveVersion = 1;
	classes = {
	};
	objectVersion = 46;
	objects = {

/* Begin PBXBuildFile section */
		3C4460D02538F6CB00A0120D /* AlbumDetailsTests.swift in Sources */ = {isa = PBXBuildFile; fileRef = B1F3BEA4B5B6AA8CE79A5EEE /* AlbumDetailsTests.swift */; };
		AC1E6351F9D190EC1E83C6DB /* Pods_NikeTechTaskTests.framework in Frameworks */ = {isa = PBXBuildFile; fileRef = 8798021FB331E8A9A41ADB14 /* Pods_NikeTechTaskTests.framework */; };
		B1F3B03549F18AE40423D54A /* Api.swift in Sources */ = {isa = PBXBuildFile; fileRef = B1F3B171748DD1DC727A36EE /* Api.swift */; };
		B1F3B0420E6CFE410FFC8435 /* Endpoint.swift in Sources */ = {isa = PBXBuildFile; fileRef = B1F3BB3B57953E1ABFF48F56 /* Endpoint.swift */; };
		B1F3B17DE4F2E19AD6C26043 /* MainFlowController.swift in Sources */ = {isa = PBXBuildFile; fileRef = B1F3B31F0388F355C4C1D6AA /* MainFlowController.swift */; };
		B1F3B191C9194B8C0480E14A /* AppDelegate.swift in Sources */ = {isa = PBXBuildFile; fileRef = B1F3B8D5DA5E43C9F2935BB6 /* AppDelegate.swift */; };
		B1F3B1D3D59629F5EF31B03E /* AlbumListViewModel.swift in Sources */ = {isa = PBXBuildFile; fileRef = B1F3B5F19567E9D711159D57 /* AlbumListViewModel.swift */; };
		B1F3B201FE7111C72785DBFC /* AlbumTableViewCell.swift in Sources */ = {isa = PBXBuildFile; fileRef = B1F3B74AECA01048FC94CCFF /* AlbumTableViewCell.swift */; };
		B1F3B3490F5250058DE223E8 /* Assets.xcassets in Resources */ = {isa = PBXBuildFile; fileRef = B1F3BC77F6C08413C0C7F228 /* Assets.xcassets */; };
		B1F3B3C4B943487B1847C496 /* TopAlbumsInfo.swift in Sources */ = {isa = PBXBuildFile; fileRef = B1F3BC9DDC233E3DFD3C4967 /* TopAlbumsInfo.swift */; };
		B1F3B42C917CA6B3C4607477 /* .gitignore in Resources */ = {isa = PBXBuildFile; fileRef = B1F3B5A1DCA19668FC0092F4 /* .gitignore */; };
		B1F3B43512DD8312472A64F2 /* AlbumDetailsViewController.swift in Sources */ = {isa = PBXBuildFile; fileRef = B1F3BF3676A53900C877C9BF /* AlbumDetailsViewController.swift */; };
		B1F3B5EDCF81A7B2276950B4 /* AlbumService.swift in Sources */ = {isa = PBXBuildFile; fileRef = B1F3B99CD1F5973A76BA7573 /* AlbumService.swift */; };
		B1F3B60F93D05A28819299E0 /* AlbumListViewController.swift in Sources */ = {isa = PBXBuildFile; fileRef = B1F3B301DCDCB63B392CFD7D /* AlbumListViewController.swift */; };
		B1F3B703C7154673EC1FF6C8 /* Genre.swift in Sources */ = {isa = PBXBuildFile; fileRef = B1F3B327B7999F810F1E8FBE /* Genre.swift */; };
		B1F3B744857F46AE9238567E /* AlbumListView.swift in Sources */ = {isa = PBXBuildFile; fileRef = B1F3B9800EE1DECE8780A680 /* AlbumListView.swift */; };
		B1F3B75F2C0D2D4C9AEE4411 /* Client.swift in Sources */ = {isa = PBXBuildFile; fileRef = B1F3B8E13A07B2AA309C19B8 /* Client.swift */; };
		B1F3B7BE86EF2A2D6537D452 /* ClientSettings.swift in Sources */ = {isa = PBXBuildFile; fileRef = B1F3B6F7CA0A9F21E6C99B76 /* ClientSettings.swift */; };
		B1F3B8E5400A67676256E380 /* AlbumDetailsViewModel.swift in Sources */ = {isa = PBXBuildFile; fileRef = B1F3B3F3893A207C60D0AEAF /* AlbumDetailsViewModel.swift */; };
		B1F3BA5BB0BFF8D3CEC68AB7 /* AlbumFlowController.swift in Sources */ = {isa = PBXBuildFile; fileRef = B1F3BC94ABF1F58C8B970AB3 /* AlbumFlowController.swift */; };
		B1F3BAE10D1DBC99B393249A /* AlbumDetailsView.swift in Sources */ = {isa = PBXBuildFile; fileRef = B1F3B1BBDA1FFB435B35D24F /* AlbumDetailsView.swift */; };
		B1F3BDA30868CBA6699F8F78 /* LaunchScreen.storyboard in Resources */ = {isa = PBXBuildFile; fileRef = B1F3BCBE325ECA89CFCD4B3A /* LaunchScreen.storyboard */; };
		B1F3BDD367632653A66BE3F8 /* ViewController.swift in Sources */ = {isa = PBXBuildFile; fileRef = B1F3B145D3B17A3746A62416 /* ViewController.swift */; };
		B1F3BE113B3582C0F6CFEB62 /* Album.swift in Sources */ = {isa = PBXBuildFile; fileRef = B1F3B749109861F61E4EF09B /* Album.swift */; };
		B1F3BF16E9D276AB8C039765 /* UIViewExtension.swift in Sources */ = {isa = PBXBuildFile; fileRef = B1F3BE93D41C155619A8ECE9 /* UIViewExtension.swift */; };
		BE834476CE1CE814F1E89B66 /* Pods_NikeTechTask.framework in Frameworks */ = {isa = PBXBuildFile; fileRef = 1A2F97F55A6A718311742796 /* Pods_NikeTechTask.framework */; };
/* End PBXBuildFile section */

/* Begin PBXContainerItemProxy section */
		B1F3B9DB3EC44BDF7C84A84B /* PBXContainerItemProxy */ = {
			isa = PBXContainerItemProxy;
			containerPortal = B1F3BEC7A4F8F16C4AA63523 /* Project object */;
			proxyType = 1;
			remoteGlobalIDString = B1F3B0F9A92BE9D7760DB40D;
			remoteInfo = NikeTechTask;
		};
/* End PBXContainerItemProxy section */

/* Begin PBXFileReference section */
		1A2F97F55A6A718311742796 /* Pods_NikeTechTask.framework */ = {isa = PBXFileReference; explicitFileType = wrapper.framework; includeInIndex = 0; path = Pods_NikeTechTask.framework; sourceTree = BUILT_PRODUCTS_DIR; };
		1A9F1D300D25EA52CA8FF101 /* Pods-NikeTechTask.debug.xcconfig */ = {isa = PBXFileReference; includeInIndex = 1; lastKnownFileType = text.xcconfig; name = "Pods-NikeTechTask.debug.xcconfig"; path = "Target Support Files/Pods-NikeTechTask/Pods-NikeTechTask.debug.xcconfig"; sourceTree = "<group>"; };
		3A7D258B2E785C940867D840 /* Pods-NikeTechTaskTests.debug.xcconfig */ = {isa = PBXFileReference; includeInIndex = 1; lastKnownFileType = text.xcconfig; name = "Pods-NikeTechTaskTests.debug.xcconfig"; path = "Target Support Files/Pods-NikeTechTaskTests/Pods-NikeTechTaskTests.debug.xcconfig"; sourceTree = "<group>"; };
		4DD68E0A851747B8EBF2B393 /* Pods-NikeTechTask.release.xcconfig */ = {isa = PBXFileReference; includeInIndex = 1; lastKnownFileType = text.xcconfig; name = "Pods-NikeTechTask.release.xcconfig"; path = "Target Support Files/Pods-NikeTechTask/Pods-NikeTechTask.release.xcconfig"; sourceTree = "<group>"; };
		84211A3ACA2BDE60011F13B4 /* Pods-NikeTechTaskTests.release.xcconfig */ = {isa = PBXFileReference; includeInIndex = 1; lastKnownFileType = text.xcconfig; name = "Pods-NikeTechTaskTests.release.xcconfig"; path = "Target Support Files/Pods-NikeTechTaskTests/Pods-NikeTechTaskTests.release.xcconfig"; sourceTree = "<group>"; };
		8798021FB331E8A9A41ADB14 /* Pods_NikeTechTaskTests.framework */ = {isa = PBXFileReference; explicitFileType = wrapper.framework; includeInIndex = 0; path = Pods_NikeTechTaskTests.framework; sourceTree = BUILT_PRODUCTS_DIR; };
		B1F3B10B0E55CC1F6AB0A589 /* NikeTechTaskTests.xctest */ = {isa = PBXFileReference; explicitFileType = wrapper.cfbundle; includeInIndex = 0; path = NikeTechTaskTests.xctest; sourceTree = BUILT_PRODUCTS_DIR; };
		B1F3B145D3B17A3746A62416 /* ViewController.swift */ = {isa = PBXFileReference; lastKnownFileType = sourcecode.swift; path = ViewController.swift; sourceTree = "<group>"; };
		B1F3B171748DD1DC727A36EE /* Api.swift */ = {isa = PBXFileReference; fileEncoding = 4; lastKnownFileType = sourcecode.swift; path = Api.swift; sourceTree = "<group>"; };
		B1F3B1BBDA1FFB435B35D24F /* AlbumDetailsView.swift */ = {isa = PBXFileReference; fileEncoding = 4; lastKnownFileType = sourcecode.swift; path = AlbumDetailsView.swift; sourceTree = "<group>"; };
		B1F3B301DCDCB63B392CFD7D /* AlbumListViewController.swift */ = {isa = PBXFileReference; fileEncoding = 4; lastKnownFileType = sourcecode.swift; path = AlbumListViewController.swift; sourceTree = "<group>"; };
		B1F3B31F0388F355C4C1D6AA /* MainFlowController.swift */ = {isa = PBXFileReference; fileEncoding = 4; lastKnownFileType = sourcecode.swift; path = MainFlowController.swift; sourceTree = "<group>"; };
		B1F3B327B7999F810F1E8FBE /* Genre.swift */ = {isa = PBXFileReference; fileEncoding = 4; lastKnownFileType = sourcecode.swift; path = Genre.swift; sourceTree = "<group>"; };
		B1F3B37E899CE3711F9114C5 /* Base */ = {isa = PBXFileReference; lastKnownFileType = file.storyboard; name = Base; path = Base.lproj/LaunchScreen.storyboard; sourceTree = "<group>"; };
		B1F3B3DC6C7B7CFE6BEF770F /* NikeTechTask.app */ = {isa = PBXFileReference; explicitFileType = wrapper.application; includeInIndex = 0; path = NikeTechTask.app; sourceTree = BUILT_PRODUCTS_DIR; };
		B1F3B3F3893A207C60D0AEAF /* AlbumDetailsViewModel.swift */ = {isa = PBXFileReference; fileEncoding = 4; lastKnownFileType = sourcecode.swift; path = AlbumDetailsViewModel.swift; sourceTree = "<group>"; };
		B1F3B540051C6743368E646B /* Info.plist */ = {isa = PBXFileReference; lastKnownFileType = text.plist.info; path = Info.plist; sourceTree = "<group>"; };
		B1F3B5A1DCA19668FC0092F4 /* .gitignore */ = {isa = PBXFileReference; lastKnownFileType = file.gitignore; path = .gitignore; sourceTree = "<group>"; };
		B1F3B5F19567E9D711159D57 /* AlbumListViewModel.swift */ = {isa = PBXFileReference; fileEncoding = 4; lastKnownFileType = sourcecode.swift; path = AlbumListViewModel.swift; sourceTree = "<group>"; };
		B1F3B6724FF0DE631A22B341 /* Info.plist */ = {isa = PBXFileReference; lastKnownFileType = text.plist.info; path = Info.plist; sourceTree = "<group>"; };
		B1F3B6F7CA0A9F21E6C99B76 /* ClientSettings.swift */ = {isa = PBXFileReference; fileEncoding = 4; lastKnownFileType = sourcecode.swift; path = ClientSettings.swift; sourceTree = "<group>"; };
		B1F3B749109861F61E4EF09B /* Album.swift */ = {isa = PBXFileReference; fileEncoding = 4; lastKnownFileType = sourcecode.swift; path = Album.swift; sourceTree = "<group>"; };
		B1F3B74AECA01048FC94CCFF /* AlbumTableViewCell.swift */ = {isa = PBXFileReference; fileEncoding = 4; lastKnownFileType = sourcecode.swift; path = AlbumTableViewCell.swift; sourceTree = "<group>"; };
		B1F3B8D5DA5E43C9F2935BB6 /* AppDelegate.swift */ = {isa = PBXFileReference; lastKnownFileType = sourcecode.swift; path = AppDelegate.swift; sourceTree = "<group>"; };
		B1F3B8E13A07B2AA309C19B8 /* Client.swift */ = {isa = PBXFileReference; fileEncoding = 4; lastKnownFileType = sourcecode.swift; path = Client.swift; sourceTree = "<group>"; };
		B1F3B9800EE1DECE8780A680 /* AlbumListView.swift */ = {isa = PBXFileReference; fileEncoding = 4; lastKnownFileType = sourcecode.swift; path = AlbumListView.swift; sourceTree = "<group>"; };
		B1F3B99CD1F5973A76BA7573 /* AlbumService.swift */ = {isa = PBXFileReference; fileEncoding = 4; lastKnownFileType = sourcecode.swift; path = AlbumService.swift; sourceTree = "<group>"; };
		B1F3BB3B57953E1ABFF48F56 /* Endpoint.swift */ = {isa = PBXFileReference; fileEncoding = 4; lastKnownFileType = sourcecode.swift; path = Endpoint.swift; sourceTree = "<group>"; };
		B1F3BC77F6C08413C0C7F228 /* Assets.xcassets */ = {isa = PBXFileReference; lastKnownFileType = folder.assetcatalog; path = Assets.xcassets; sourceTree = "<group>"; };
		B1F3BC94ABF1F58C8B970AB3 /* AlbumFlowController.swift */ = {isa = PBXFileReference; fileEncoding = 4; lastKnownFileType = sourcecode.swift; path = AlbumFlowController.swift; sourceTree = "<group>"; };
		B1F3BC9DDC233E3DFD3C4967 /* TopAlbumsInfo.swift */ = {isa = PBXFileReference; fileEncoding = 4; lastKnownFileType = sourcecode.swift; path = TopAlbumsInfo.swift; sourceTree = "<group>"; };
		B1F3BE93D41C155619A8ECE9 /* UIViewExtension.swift */ = {isa = PBXFileReference; fileEncoding = 4; lastKnownFileType = sourcecode.swift; path = UIViewExtension.swift; sourceTree = "<group>"; };
		B1F3BEA4B5B6AA8CE79A5EEE /* AlbumDetailsTests.swift */ = {isa = PBXFileReference; fileEncoding = 4; lastKnownFileType = sourcecode.swift; path = AlbumDetailsTests.swift; sourceTree = "<group>"; };
		B1F3BF3676A53900C877C9BF /* AlbumDetailsViewController.swift */ = {isa = PBXFileReference; fileEncoding = 4; lastKnownFileType = sourcecode.swift; path = AlbumDetailsViewController.swift; sourceTree = "<group>"; };
/* End PBXFileReference section */

/* Begin PBXFrameworksBuildPhase section */
		B1F3B69B27124A4C8D1A35A4 /* Frameworks */ = {
			isa = PBXFrameworksBuildPhase;
			buildActionMask = 2147483647;
			files = (
				BE834476CE1CE814F1E89B66 /* Pods_NikeTechTask.framework in Frameworks */,
			);
			runOnlyForDeploymentPostprocessing = 0;
		};
		B1F3BC58DB7D1B9EC8D614E5 /* Frameworks */ = {
			isa = PBXFrameworksBuildPhase;
			buildActionMask = 2147483647;
			files = (
				AC1E6351F9D190EC1E83C6DB /* Pods_NikeTechTaskTests.framework in Frameworks */,
			);
			runOnlyForDeploymentPostprocessing = 0;
		};
/* End PBXFrameworksBuildPhase section */

/* Begin PBXGroup section */
		0A5CBE5C6CD61011BA1AEC3E /* Pods */ = {
			isa = PBXGroup;
			children = (
				1A9F1D300D25EA52CA8FF101 /* Pods-NikeTechTask.debug.xcconfig */,
				4DD68E0A851747B8EBF2B393 /* Pods-NikeTechTask.release.xcconfig */,
				3A7D258B2E785C940867D840 /* Pods-NikeTechTaskTests.debug.xcconfig */,
				84211A3ACA2BDE60011F13B4 /* Pods-NikeTechTaskTests.release.xcconfig */,
			);
			path = Pods;
			sourceTree = "<group>";
		};
		3B9FE1C68669FEA4D2024BBB /* Frameworks */ = {
			isa = PBXGroup;
			children = (
				1A2F97F55A6A718311742796 /* Pods_NikeTechTask.framework */,
				8798021FB331E8A9A41ADB14 /* Pods_NikeTechTaskTests.framework */,
			);
			name = Frameworks;
			sourceTree = "<group>";
		};
		3C7C912425387261008C9C5D /* Flows */ = {
			isa = PBXGroup;
			children = (
				B1F3B31F0388F355C4C1D6AA /* MainFlowController.swift */,
				B1F3BC94ABF1F58C8B970AB3 /* AlbumFlowController.swift */,
			);
			path = Flows;
			sourceTree = "<group>";
		};
		3C7C91252538727C008C9C5D /* Services */ = {
			isa = PBXGroup;
			children = (
				B1F3B99CD1F5973A76BA7573 /* AlbumService.swift */,
			);
			path = Services;
			sourceTree = "<group>";
		};
		B1F3B18469C02BB577DC4558 /* AlbumDetails */ = {
			isa = PBXGroup;
			children = (
				B1F3B1BBDA1FFB435B35D24F /* AlbumDetailsView.swift */,
				B1F3B3F3893A207C60D0AEAF /* AlbumDetailsViewModel.swift */,
				B1F3BF3676A53900C877C9BF /* AlbumDetailsViewController.swift */,
			);
			path = AlbumDetails;
			sourceTree = "<group>";
		};
		B1F3B2E1BE57947A10D52563 /* Extensions */ = {
			isa = PBXGroup;
			children = (
				B1F3BE93D41C155619A8ECE9 /* UIViewExtension.swift */,
			);
			path = Extensions;
			sourceTree = "<group>";
		};
		B1F3B70DABF7128108AEC749 /* NikeTechTaskTests */ = {
			isa = PBXGroup;
			children = (
				B1F3B540051C6743368E646B /* Info.plist */,
				B1F3BEA4B5B6AA8CE79A5EEE /* AlbumDetailsTests.swift */,
			);
			path = NikeTechTaskTests;
			sourceTree = "<group>";
		};
		B1F3B95EDEDE0DB8362D926E /* UI */ = {
			isa = PBXGroup;
			children = (
				B1F3BD3E4B6B158551EA682F /* AlbumList */,
				B1F3B18469C02BB577DC4558 /* AlbumDetails */,
			);
			path = UI;
			sourceTree = "<group>";
		};
		B1F3BB5C81D1FA47B9A58E2D /* Models */ = {
			isa = PBXGroup;
			children = (
				B1F3B749109861F61E4EF09B /* Album.swift */,
				B1F3B327B7999F810F1E8FBE /* Genre.swift */,
				B1F3BC9DDC233E3DFD3C4967 /* TopAlbumsInfo.swift */,
			);
			path = Models;
			sourceTree = "<group>";
		};
		B1F3BB6AD8C5C3D8AE0D8260 = {
			isa = PBXGroup;
			children = (
				B1F3BBB39EE13A5D8B225E78 /* Products */,
				B1F3BD929B62E2A1AD967143 /* NikeTechTask */,
				B1F3B70DABF7128108AEC749 /* NikeTechTaskTests */,
				B1F3B5A1DCA19668FC0092F4 /* .gitignore */,
				0A5CBE5C6CD61011BA1AEC3E /* Pods */,
				3B9FE1C68669FEA4D2024BBB /* Frameworks */,
			);
			sourceTree = "<group>";
		};
		B1F3BBB39EE13A5D8B225E78 /* Products */ = {
			isa = PBXGroup;
			children = (
				B1F3B3DC6C7B7CFE6BEF770F /* NikeTechTask.app */,
				B1F3B10B0E55CC1F6AB0A589 /* NikeTechTaskTests.xctest */,
			);
			name = Products;
			sourceTree = "<group>";
		};
		B1F3BD3E4B6B158551EA682F /* AlbumList */ = {
			isa = PBXGroup;
			children = (
				B1F3B9800EE1DECE8780A680 /* AlbumListView.swift */,
				B1F3B5F19567E9D711159D57 /* AlbumListViewModel.swift */,
				B1F3B301DCDCB63B392CFD7D /* AlbumListViewController.swift */,
				B1F3B74AECA01048FC94CCFF /* AlbumTableViewCell.swift */,
			);
			path = AlbumList;
			sourceTree = "<group>";
		};
		B1F3BD929B62E2A1AD967143 /* NikeTechTask */ = {
			isa = PBXGroup;
			children = (
				3C7C91252538727C008C9C5D /* Services */,
				3C7C912425387261008C9C5D /* Flows */,
				B1F3B6724FF0DE631A22B341 /* Info.plist */,
				B1F3BC77F6C08413C0C7F228 /* Assets.xcassets */,
				B1F3BCBE325ECA89CFCD4B3A /* LaunchScreen.storyboard */,
				B1F3B8D5DA5E43C9F2935BB6 /* AppDelegate.swift */,
				B1F3B145D3B17A3746A62416 /* ViewController.swift */,
				B1F3BFF458B915D42B923898 /* Networking */,
				B1F3BB5C81D1FA47B9A58E2D /* Models */,
				B1F3B95EDEDE0DB8362D926E /* UI */,
				B1F3B2E1BE57947A10D52563 /* Extensions */,
			);
			path = NikeTechTask;
			sourceTree = "<group>";
		};
		B1F3BFF458B915D42B923898 /* Networking */ = {
			isa = PBXGroup;
			children = (
				B1F3B171748DD1DC727A36EE /* Api.swift */,
				B1F3B8E13A07B2AA309C19B8 /* Client.swift */,
				B1F3B6F7CA0A9F21E6C99B76 /* ClientSettings.swift */,
				B1F3BB3B57953E1ABFF48F56 /* Endpoint.swift */,
			);
			path = Networking;
			sourceTree = "<group>";
		};
/* End PBXGroup section */

/* Begin PBXNativeTarget section */
		B1F3B0F9A92BE9D7760DB40D /* NikeTechTask */ = {
			isa = PBXNativeTarget;
			buildConfigurationList = B1F3BDAB5BA40219739B33E4 /* Build configuration list for PBXNativeTarget "NikeTechTask" */;
			buildPhases = (
				5C6DC1C3807B2AF09B516665 /* [CP] Check Pods Manifest.lock */,
				B1F3B3235E7B46811AC2EBE5 /* Sources */,
				B1F3B69B27124A4C8D1A35A4 /* Frameworks */,
				B1F3BB1BDDAC4C793C8D6341 /* Resources */,
				81583F63BAB2E544CF358944 /* [CP] Embed Pods Frameworks */,
			);
			buildRules = (
			);
			dependencies = (
			);
			name = NikeTechTask;
			productName = NikeTechTask;
			productReference = B1F3B3DC6C7B7CFE6BEF770F /* NikeTechTask.app */;
			productType = "com.apple.product-type.application";
		};
		B1F3B1831395F9AF9BA6F5B1 /* NikeTechTaskTests */ = {
			isa = PBXNativeTarget;
			buildConfigurationList = B1F3BFB39EE956CC1B188596 /* Build configuration list for PBXNativeTarget "NikeTechTaskTests" */;
			buildPhases = (
				ED074DED353FA8C4EDCDB1EB /* [CP] Check Pods Manifest.lock */,
				B1F3BBD57F3E47BFC210670A /* Sources */,
				B1F3BC58DB7D1B9EC8D614E5 /* Frameworks */,
				B1F3B97035F5988B90BCAB30 /* Resources */,
				23E4E412C0DFAD67DF3012AB /* [CP] Embed Pods Frameworks */,
			);
			buildRules = (
			);
			dependencies = (
				B1F3B48A38489376E01D74E0 /* PBXTargetDependency */,
			);
			name = NikeTechTaskTests;
			productName = NikeTechTaskTests;
			productReference = B1F3B10B0E55CC1F6AB0A589 /* NikeTechTaskTests.xctest */;
			productType = "com.apple.product-type.bundle.unit-test";
		};
/* End PBXNativeTarget section */

/* Begin PBXProject section */
		B1F3BEC7A4F8F16C4AA63523 /* Project object */ = {
			isa = PBXProject;
			attributes = {
				ORGANIZATIONNAME = KarolNadratowski;
			};
			buildConfigurationList = B1F3BBE14ACF2AF0D7662C44 /* Build configuration list for PBXProject "NikeTechTask" */;
			compatibilityVersion = "Xcode 3.2";
			developmentRegion = English;
			hasScannedForEncodings = 0;
			knownRegions = (
				English,
				en,
				Base,
			);
			mainGroup = B1F3BB6AD8C5C3D8AE0D8260;
			productRefGroup = B1F3BBB39EE13A5D8B225E78 /* Products */;
			projectDirPath = "";
			projectRoot = "";
			targets = (
				B1F3B0F9A92BE9D7760DB40D /* NikeTechTask */,
				B1F3B1831395F9AF9BA6F5B1 /* NikeTechTaskTests */,
			);
		};
/* End PBXProject section */

/* Begin PBXResourcesBuildPhase section */
		B1F3B97035F5988B90BCAB30 /* Resources */ = {
			isa = PBXResourcesBuildPhase;
			buildActionMask = 2147483647;
			files = (
			);
			runOnlyForDeploymentPostprocessing = 0;
		};
		B1F3BB1BDDAC4C793C8D6341 /* Resources */ = {
			isa = PBXResourcesBuildPhase;
			buildActionMask = 2147483647;
			files = (
				B1F3B3490F5250058DE223E8 /* Assets.xcassets in Resources */,
				B1F3BDA30868CBA6699F8F78 /* LaunchScreen.storyboard in Resources */,
				B1F3B42C917CA6B3C4607477 /* .gitignore in Resources */,
			);
			runOnlyForDeploymentPostprocessing = 0;
		};
/* End PBXResourcesBuildPhase section */

/* Begin PBXShellScriptBuildPhase section */
		23E4E412C0DFAD67DF3012AB /* [CP] Embed Pods Frameworks */ = {
			isa = PBXShellScriptBuildPhase;
			buildActionMask = 2147483647;
			files = (
			);
			inputPaths = (
				"${PODS_ROOT}/Target Support Files/Pods-NikeTechTaskTests/Pods-NikeTechTaskTests-frameworks.sh",
				"${BUILT_PRODUCTS_DIR}/Nimble/Nimble.framework",
				"${BUILT_PRODUCTS_DIR}/Quick/Quick.framework",
			);
			name = "[CP] Embed Pods Frameworks";
			outputPaths = (
				"${TARGET_BUILD_DIR}/${FRAMEWORKS_FOLDER_PATH}/Nimble.framework",
				"${TARGET_BUILD_DIR}/${FRAMEWORKS_FOLDER_PATH}/Quick.framework",
			);
			runOnlyForDeploymentPostprocessing = 0;
			shellPath = /bin/sh;
			shellScript = "\"${PODS_ROOT}/Target Support Files/Pods-NikeTechTaskTests/Pods-NikeTechTaskTests-frameworks.sh\"\n";
			showEnvVarsInLog = 0;
		};
		5C6DC1C3807B2AF09B516665 /* [CP] Check Pods Manifest.lock */ = {
			isa = PBXShellScriptBuildPhase;
			buildActionMask = 2147483647;
			files = (
			);
			inputFileListPaths = (
			);
			inputPaths = (
				"${PODS_PODFILE_DIR_PATH}/Podfile.lock",
				"${PODS_ROOT}/Manifest.lock",
			);
			name = "[CP] Check Pods Manifest.lock";
			outputFileListPaths = (
			);
			outputPaths = (
				"$(DERIVED_FILE_DIR)/Pods-NikeTechTask-checkManifestLockResult.txt",
			);
			runOnlyForDeploymentPostprocessing = 0;
			shellPath = /bin/sh;
			shellScript = "diff \"${PODS_PODFILE_DIR_PATH}/Podfile.lock\" \"${PODS_ROOT}/Manifest.lock\" > /dev/null\nif [ $? != 0 ] ; then\n    # print error to STDERR\n    echo \"error: The sandbox is not in sync with the Podfile.lock. Run 'pod install' or update your CocoaPods installation.\" >&2\n    exit 1\nfi\n# This output is used by Xcode 'outputs' to avoid re-running this script phase.\necho \"SUCCESS\" > \"${SCRIPT_OUTPUT_FILE_0}\"\n";
			showEnvVarsInLog = 0;
		};
		81583F63BAB2E544CF358944 /* [CP] Embed Pods Frameworks */ = {
			isa = PBXShellScriptBuildPhase;
			buildActionMask = 2147483647;
			files = (
			);
			inputPaths = (
				"${PODS_ROOT}/Target Support Files/Pods-NikeTechTask/Pods-NikeTechTask-frameworks.sh",
				"${BUILT_PRODUCTS_DIR}/Kingfisher/Kingfisher.framework",
				"${BUILT_PRODUCTS_DIR}/SnapKit/SnapKit.framework",
			);
			name = "[CP] Embed Pods Frameworks";
			outputPaths = (
				"${TARGET_BUILD_DIR}/${FRAMEWORKS_FOLDER_PATH}/Kingfisher.framework",
				"${TARGET_BUILD_DIR}/${FRAMEWORKS_FOLDER_PATH}/SnapKit.framework",
			);
			runOnlyForDeploymentPostprocessing = 0;
			shellPath = /bin/sh;
			shellScript = "\"${PODS_ROOT}/Target Support Files/Pods-NikeTechTask/Pods-NikeTechTask-frameworks.sh\"\n";
			showEnvVarsInLog = 0;
		};
		ED074DED353FA8C4EDCDB1EB /* [CP] Check Pods Manifest.lock */ = {
			isa = PBXShellScriptBuildPhase;
			buildActionMask = 2147483647;
			files = (
			);
			inputFileListPaths = (
			);
			inputPaths = (
				"${PODS_PODFILE_DIR_PATH}/Podfile.lock",
				"${PODS_ROOT}/Manifest.lock",
			);
			name = "[CP] Check Pods Manifest.lock";
			outputFileListPaths = (
			);
			outputPaths = (
				"$(DERIVED_FILE_DIR)/Pods-NikeTechTaskTests-checkManifestLockResult.txt",
			);
			runOnlyForDeploymentPostprocessing = 0;
			shellPath = /bin/sh;
			shellScript = "diff \"${PODS_PODFILE_DIR_PATH}/Podfile.lock\" \"${PODS_ROOT}/Manifest.lock\" > /dev/null\nif [ $? != 0 ] ; then\n    # print error to STDERR\n    echo \"error: The sandbox is not in sync with the Podfile.lock. Run 'pod install' or update your CocoaPods installation.\" >&2\n    exit 1\nfi\n# This output is used by Xcode 'outputs' to avoid re-running this script phase.\necho \"SUCCESS\" > \"${SCRIPT_OUTPUT_FILE_0}\"\n";
			showEnvVarsInLog = 0;
		};
/* End PBXShellScriptBuildPhase section */

/* Begin PBXSourcesBuildPhase section */
		B1F3B3235E7B46811AC2EBE5 /* Sources */ = {
			isa = PBXSourcesBuildPhase;
			buildActionMask = 2147483647;
			files = (
				B1F3B191C9194B8C0480E14A /* AppDelegate.swift in Sources */,
				B1F3BDD367632653A66BE3F8 /* ViewController.swift in Sources */,
				B1F3B17DE4F2E19AD6C26043 /* MainFlowController.swift in Sources */,
				B1F3B03549F18AE40423D54A /* Api.swift in Sources */,
				B1F3B75F2C0D2D4C9AEE4411 /* Client.swift in Sources */,
				B1F3B7BE86EF2A2D6537D452 /* ClientSettings.swift in Sources */,
				B1F3B0420E6CFE410FFC8435 /* Endpoint.swift in Sources */,
				B1F3BAE10D1DBC99B393249A /* AlbumDetailsView.swift in Sources */,
				B1F3B8E5400A67676256E380 /* AlbumDetailsViewModel.swift in Sources */,
				B1F3B43512DD8312472A64F2 /* AlbumDetailsViewController.swift in Sources */,
				B1F3B744857F46AE9238567E /* AlbumListView.swift in Sources */,
				B1F3B1D3D59629F5EF31B03E /* AlbumListViewModel.swift in Sources */,
				B1F3B60F93D05A28819299E0 /* AlbumListViewController.swift in Sources */,
				B1F3BA5BB0BFF8D3CEC68AB7 /* AlbumFlowController.swift in Sources */,
				B1F3B5EDCF81A7B2276950B4 /* AlbumService.swift in Sources */,
				B1F3BE113B3582C0F6CFEB62 /* Album.swift in Sources */,
				B1F3BF16E9D276AB8C039765 /* UIViewExtension.swift in Sources */,
				B1F3B703C7154673EC1FF6C8 /* Genre.swift in Sources */,
				B1F3B201FE7111C72785DBFC /* AlbumTableViewCell.swift in Sources */,
				B1F3B3C4B943487B1847C496 /* TopAlbumsInfo.swift in Sources */,
			);
			runOnlyForDeploymentPostprocessing = 0;
		};
		B1F3BBD57F3E47BFC210670A /* Sources */ = {
			isa = PBXSourcesBuildPhase;
			buildActionMask = 2147483647;
			files = (
				3C4460D02538F6CB00A0120D /* AlbumDetailsTests.swift in Sources */,
			);
			runOnlyForDeploymentPostprocessing = 0;
		};
/* End PBXSourcesBuildPhase section */

/* Begin PBXTargetDependency section */
		B1F3B48A38489376E01D74E0 /* PBXTargetDependency */ = {
			isa = PBXTargetDependency;
			target = B1F3B0F9A92BE9D7760DB40D /* NikeTechTask */;
			targetProxy = B1F3B9DB3EC44BDF7C84A84B /* PBXContainerItemProxy */;
		};
/* End PBXTargetDependency section */

/* Begin PBXVariantGroup section */
		B1F3BCBE325ECA89CFCD4B3A /* LaunchScreen.storyboard */ = {
			isa = PBXVariantGroup;
			children = (
				B1F3B37E899CE3711F9114C5 /* Base */,
			);
			name = LaunchScreen.storyboard;
			sourceTree = "<group>";
		};
/* End PBXVariantGroup section */

/* Begin XCBuildConfiguration section */
		B1F3B0209930881F2E6323DF /* Debug */ = {
			isa = XCBuildConfiguration;
			baseConfigurationReference = 3A7D258B2E785C940867D840 /* Pods-NikeTechTaskTests.debug.xcconfig */;
			buildSettings = {
				BUNDLE_LOADER = "$(BUILT_PRODUCTS_DIR)/NikeTechTask.app/NikeTechTask";
				INFOPLIST_FILE = NikeTechTaskTests/Info.plist;
				LD_RUNPATH_SEARCH_PATHS = "$(inherited) @executable_path/Frameworks @loader_path/Frameworks";
				PRODUCT_BUNDLE_IDENTIFIER = pl.nadratowskikarol.NikeTechTaskTests;
				PRODUCT_NAME = "$(TARGET_NAME)";
				SWIFT_VERSION = 5.0;
				TARGETED_DEVICE_FAMILY = "1,2";
				TEST_HOST = "$(BUNDLE_LOADER)";
			};
			name = Debug;
		};
		B1F3B4D3C4EFAB06000562CE /* Release */ = {
			isa = XCBuildConfiguration;
			buildSettings = {
				ALWAYS_SEARCH_USER_PATHS = NO;
				CLANG_ANALYZER_NONNULL = YES;
				CLANG_ANALYZER_NUMBER_OBJECT_CONVERSION = YES_AGGRESSIVE;
				CLANG_CXX_LANGUAGE_STANDARD = "gnu++14";
				CLANG_CXX_LIBRARY = "libc++";
				CLANG_ENABLE_MODULES = YES;
				CLANG_ENABLE_OBJC_ARC = YES;
				CLANG_ENABLE_OBJC_WEAK = YES;
				CLANG_WARN_BLOCK_CAPTURE_AUTORELEASING = YES;
				CLANG_WARN_BOOL_CONVERSION = YES;
				CLANG_WARN_COMMA = YES;
				CLANG_WARN_CONSTANT_CONVERSION = YES;
				CLANG_WARN_DEPRECATED_OBJC_IMPLEMENTATIONS = YES;
				CLANG_WARN_DIRECT_OBJC_ISA_USAGE = YES_ERROR;
				CLANG_WARN_DOCUMENTATION_COMMENTS = YES;
				CLANG_WARN_EMPTY_BODY = YES;
				CLANG_WARN_ENUM_CONVERSION = YES;
				CLANG_WARN_INFINITE_RECURSION = YES;
				CLANG_WARN_INT_CONVERSION = YES;
				CLANG_WARN_NON_LITERAL_NULL_CONVERSION = YES;
				CLANG_WARN_OBJC_IMPLICIT_RETAIN_SELF = YES;
				CLANG_WARN_OBJC_LITERAL_CONVERSION = YES;
				CLANG_WARN_OBJC_ROOT_CLASS = YES_ERROR;
				CLANG_WARN_RANGE_LOOP_ANALYSIS = YES;
				CLANG_WARN_STRICT_PROTOTYPES = YES;
				CLANG_WARN_SUSPICIOUS_MOVE = YES;
				CLANG_WARN_UNGUARDED_AVAILABILITY = YES_AGGRESSIVE;
				CLANG_WARN_UNREACHABLE_CODE = YES;
				CLANG_WARN__DUPLICATE_METHOD_MATCH = YES;
				COPY_PHASE_STRIP = NO;
				DEBUG_INFORMATION_FORMAT = "dwarf-with-dsym";
				ENABLE_NS_ASSERTIONS = NO;
				ENABLE_STRICT_OBJC_MSGSEND = YES;
				GCC_C_LANGUAGE_STANDARD = gnu11;
				GCC_NO_COMMON_BLOCKS = YES;
				GCC_WARN_64_TO_32_BIT_CONVERSION = YES;
				GCC_WARN_ABOUT_RETURN_TYPE = YES_ERROR;
				GCC_WARN_UNDECLARED_SELECTOR = YES;
				GCC_WARN_UNINITIALIZED_AUTOS = YES_AGGRESSIVE;
				GCC_WARN_UNUSED_FUNCTION = YES;
				GCC_WARN_UNUSED_VARIABLE = YES;
				IPHONEOS_DEPLOYMENT_TARGET = 13.7;
				MTL_ENABLE_DEBUG_INFO = NO;
				MTL_FAST_MATH = YES;
				SDKROOT = iphoneos;
				SWIFT_OPTIMIZATION_LEVEL = "-Owholemodule";
				VALIDATE_PRODUCT = YES;
			};
			name = Release;
		};
		B1F3B5E7003948CA09DF8DA4 /* Debug */ = {
			isa = XCBuildConfiguration;
			buildSettings = {
				ALWAYS_SEARCH_USER_PATHS = NO;
				CLANG_ANALYZER_NONNULL = YES;
				CLANG_ANALYZER_NUMBER_OBJECT_CONVERSION = YES_AGGRESSIVE;
				CLANG_CXX_LANGUAGE_STANDARD = "gnu++14";
				CLANG_CXX_LIBRARY = "libc++";
				CLANG_ENABLE_MODULES = YES;
				CLANG_ENABLE_OBJC_ARC = YES;
				CLANG_ENABLE_OBJC_WEAK = YES;
				CLANG_WARN_BLOCK_CAPTURE_AUTORELEASING = YES;
				CLANG_WARN_BOOL_CONVERSION = YES;
				CLANG_WARN_COMMA = YES;
				CLANG_WARN_CONSTANT_CONVERSION = YES;
				CLANG_WARN_DEPRECATED_OBJC_IMPLEMENTATIONS = YES;
				CLANG_WARN_DIRECT_OBJC_ISA_USAGE = YES_ERROR;
				CLANG_WARN_DOCUMENTATION_COMMENTS = YES;
				CLANG_WARN_EMPTY_BODY = YES;
				CLANG_WARN_ENUM_CONVERSION = YES;
				CLANG_WARN_INFINITE_RECURSION = YES;
				CLANG_WARN_INT_CONVERSION = YES;
				CLANG_WARN_NON_LITERAL_NULL_CONVERSION = YES;
				CLANG_WARN_OBJC_IMPLICIT_RETAIN_SELF = YES;
				CLANG_WARN_OBJC_LITERAL_CONVERSION = YES;
				CLANG_WARN_OBJC_ROOT_CLASS = YES_ERROR;
				CLANG_WARN_RANGE_LOOP_ANALYSIS = YES;
				CLANG_WARN_STRICT_PROTOTYPES = YES;
				CLANG_WARN_SUSPICIOUS_MOVE = YES;
				CLANG_WARN_UNGUARDED_AVAILABILITY = YES_AGGRESSIVE;
				CLANG_WARN_UNREACHABLE_CODE = YES;
				CLANG_WARN__DUPLICATE_METHOD_MATCH = YES;
				COPY_PHASE_STRIP = NO;
				DEBUG_INFORMATION_FORMAT = dwarf;
				ENABLE_STRICT_OBJC_MSGSEND = YES;
				ENABLE_TESTABILITY = YES;
				GCC_C_LANGUAGE_STANDARD = gnu11;
				GCC_DYNAMIC_NO_PIC = NO;
				GCC_NO_COMMON_BLOCKS = YES;
				GCC_OPTIMIZATION_LEVEL = 0;
				GCC_PREPROCESSOR_DEFINITIONS = (
					"DEBUG=1",
					"$(inherited)",
				);
				GCC_WARN_64_TO_32_BIT_CONVERSION = YES;
				GCC_WARN_ABOUT_RETURN_TYPE = YES_ERROR;
				GCC_WARN_UNDECLARED_SELECTOR = YES;
				GCC_WARN_UNINITIALIZED_AUTOS = YES_AGGRESSIVE;
				GCC_WARN_UNUSED_FUNCTION = YES;
				GCC_WARN_UNUSED_VARIABLE = YES;
				IPHONEOS_DEPLOYMENT_TARGET = 13.7;
				MTL_ENABLE_DEBUG_INFO = INCLUDE_SOURCE;
				MTL_FAST_MATH = YES;
				ONLY_ACTIVE_ARCH = YES;
				SDKROOT = iphoneos;
				SWIFT_ACTIVE_COMPILATION_CONDITIONS = DEBUG;
				SWIFT_OPTIMIZATION_LEVEL = "-Onone";
			};
			name = Debug;
		};
		B1F3B907102A1B7C8DE6198B /* Release */ = {
			isa = XCBuildConfiguration;
			baseConfigurationReference = 84211A3ACA2BDE60011F13B4 /* Pods-NikeTechTaskTests.release.xcconfig */;
			buildSettings = {
				BUNDLE_LOADER = "$(BUILT_PRODUCTS_DIR)/NikeTechTask.app/NikeTechTask";
				INFOPLIST_FILE = NikeTechTaskTests/Info.plist;
				LD_RUNPATH_SEARCH_PATHS = "$(inherited) @executable_path/Frameworks @loader_path/Frameworks";
				PRODUCT_BUNDLE_IDENTIFIER = pl.nadratowskikarol.NikeTechTaskTests;
				PRODUCT_NAME = "$(TARGET_NAME)";
				SWIFT_VERSION = 5.0;
				TARGETED_DEVICE_FAMILY = "1,2";
				TEST_HOST = "$(BUNDLE_LOADER)";
			};
			name = Release;
		};
		B1F3BC6167D470E5F187EA5B /* Release */ = {
			isa = XCBuildConfiguration;
			baseConfigurationReference = 4DD68E0A851747B8EBF2B393 /* Pods-NikeTechTask.release.xcconfig */;
			buildSettings = {
				ASSETCATALOG_COMPILER_APPICON_NAME = AppIcon;
				DEVELOPMENT_TEAM = L9ADMJK938;
				INFOPLIST_FILE = NikeTechTask/Info.plist;
				LD_RUNPATH_SEARCH_PATHS = "$(inherited) @executable_path/Frameworks";
				PRODUCT_BUNDLE_IDENTIFIER = pl.nadratowskikarol.NikeTechTask;
				PRODUCT_NAME = "$(TARGET_NAME)";
				SWIFT_VERSION = 5.0;
				TARGETED_DEVICE_FAMILY = 1;
			};
			name = Release;
		};
		B1F3BF28C3940CDFEBD12239 /* Debug */ = {
			isa = XCBuildConfiguration;
			baseConfigurationReference = 1A9F1D300D25EA52CA8FF101 /* Pods-NikeTechTask.debug.xcconfig */;
			buildSettings = {
				ASSETCATALOG_COMPILER_APPICON_NAME = AppIcon;
				DEVELOPMENT_TEAM = "";
				INFOPLIST_FILE = NikeTechTask/Info.plist;
				LD_RUNPATH_SEARCH_PATHS = "$(inherited) @executable_path/Frameworks";
				PRODUCT_BUNDLE_IDENTIFIER = pl.nadratowskikarol.NikeTechTask;
				PRODUCT_NAME = "$(TARGET_NAME)";
				SWIFT_VERSION = 5.0;
				TARGETED_DEVICE_FAMILY = 1;
			};
			name = Debug;
		};
/* End XCBuildConfiguration section */

/* Begin XCConfigurationList section */
		B1F3BBE14ACF2AF0D7662C44 /* Build configuration list for PBXProject "NikeTechTask" */ = {
			isa = XCConfigurationList;
			buildConfigurations = (
				B1F3B5E7003948CA09DF8DA4 /* Debug */,
				B1F3B4D3C4EFAB06000562CE /* Release */,
			);
			defaultConfigurationIsVisible = 0;
			defaultConfigurationName = Release;
		};
		B1F3BDAB5BA40219739B33E4 /* Build configuration list for PBXNativeTarget "NikeTechTask" */ = {
			isa = XCConfigurationList;
			buildConfigurations = (
				B1F3BF28C3940CDFEBD12239 /* Debug */,
				B1F3BC6167D470E5F187EA5B /* Release */,
			);
			defaultConfigurationIsVisible = 0;
			defaultConfigurationName = Release;
		};
		B1F3BFB39EE956CC1B188596 /* Build configuration list for PBXNativeTarget "NikeTechTaskTests" */ = {
			isa = XCConfigurationList;
			buildConfigurations = (
				B1F3B0209930881F2E6323DF /* Debug */,
				B1F3B907102A1B7C8DE6198B /* Release */,
			);
			defaultConfigurationIsVisible = 0;
			defaultConfigurationName = Release;
		};
/* End XCConfigurationList section */
	};
	rootObject = B1F3BEC7A4F8F16C4AA63523 /* Project object */;
}
